{
    "_meta": {
        "hash": {
            "sha256": "84bdc8b6da6abe86ee6a717ef92cb7bf7dc814914b19e79560ce16c0e208aebd"
        },
        "pipfile-spec": 6,
        "requires": {},
        "sources": [
            {
                "name": "pypi",
                "url": "https://pypi.org/simple",
                "verify_ssl": true
            }
        ]
    },
    "default": {
        "jinja2": {
            "hashes": [
                "sha256:2f2de5285cf37f33d33ecd4a9080b75c87cd0c1994d5a9c6df17131ea1f049c6",
                "sha256:ea8d7dd814ce9df6de6a761ec7f1cac98afe305b8cdc4aaae4e114b8d8ce24c5"
            ],
            "index": "pypi",
            "version": "==3.0.0"
        },
        "markupsafe": {
            "hashes": [
                "sha256:0212a68688482dc52b2d45013df70d169f542b7394fc744c02a57374a4207003",
                "sha256:089cf3dbf0cd6c100f02945abeb18484bd1ee57a079aefd52cffd17fba910b88",
                "sha256:10c1bfff05d95783da83491be968e8fe789263689c02724e0c691933c52994f5",
                "sha256:33b74d289bd2f5e527beadcaa3f401e0df0a89927c1559c8566c066fa4248ab7",
                "sha256:3799351e2336dc91ea70b034983ee71cf2f9533cdff7c14c90ea126bfd95d65a",
                "sha256:3ce11ee3f23f79dbd06fb3d63e2f6af7b12db1d46932fe7bd8afa259a5996603",
                "sha256:421be9fbf0ffe9ffd7a378aafebbf6f4602d564d34be190fc19a193232fd12b1",
                "sha256:43093fb83d8343aac0b1baa75516da6092f58f41200907ef92448ecab8825135",
                "sha256:46d00d6cfecdde84d40e572d63735ef81423ad31184100411e6e3388d405e247",
                "sha256:4a33dea2b688b3190ee12bd7cfa29d39c9ed176bda40bfa11099a3ce5d3a7ac6",
                "sha256:4b9fe39a2ccc108a4accc2676e77da025ce383c108593d65cc909add5c3bd601",
                "sha256:56442863ed2b06d19c37f94d999035e15ee982988920e12a5b4ba29b62ad1f77",
                "sha256:671cd1187ed5e62818414afe79ed29da836dde67166a9fac6d435873c44fdd02",
                "sha256:694deca8d702d5db21ec83983ce0bb4b26a578e71fbdbd4fdcd387daa90e4d5e",
                "sha256:6a074d34ee7a5ce3effbc526b7083ec9731bb3cbf921bbe1d3005d4d2bdb3a63",
                "sha256:6d0072fea50feec76a4c418096652f2c3238eaa014b2f94aeb1d56a66b41403f",
                "sha256:6fbf47b5d3728c6aea2abb0589b5d30459e369baa772e0f37a0320185e87c980",
                "sha256:7f91197cc9e48f989d12e4e6fbc46495c446636dfc81b9ccf50bb0ec74b91d4b",
                "sha256:86b1f75c4e7c2ac2ccdaec2b9022845dbb81880ca318bb7a0a01fbf7813e3812",
                "sha256:8dc1c72a69aa7e082593c4a203dcf94ddb74bb5c8a731e4e1eb68d031e8498ff",
                "sha256:8e3dcf21f367459434c18e71b2a9532d96547aef8a871872a5bd69a715c15f96",
                "sha256:8e576a51ad59e4bfaac456023a78f6b5e6e7651dcd383bcc3e18d06f9b55d6d1",
                "sha256:96e37a3dc86e80bf81758c152fe66dbf60ed5eca3d26305edf01892257049925",
                "sha256:97a68e6ada378df82bc9f16b800ab77cbf4b2fada0081794318520138c088e4a",
                "sha256:99a2a507ed3ac881b975a2976d59f38c19386d128e7a9a18b7df6fff1fd4c1d6",
                "sha256:a49907dd8420c5685cfa064a1335b6754b74541bbb3706c259c02ed65b644b3e",
                "sha256:b09bf97215625a311f669476f44b8b318b075847b49316d3e28c08e41a7a573f",
                "sha256:b7bd98b796e2b6553da7225aeb61f447f80a1ca64f41d83612e6139ca5213aa4",
                "sha256:b87db4360013327109564f0e591bd2a3b318547bcef31b468a92ee504d07ae4f",
                "sha256:bcb3ed405ed3222f9904899563d6fc492ff75cce56cba05e32eff40e6acbeaa3",
                "sha256:d4306c36ca495956b6d568d276ac11fdd9c30a36f1b6eb928070dc5360b22e1c",
                "sha256:d5ee4f386140395a2c818d149221149c54849dfcfcb9f1debfe07a8b8bd63f9a",
                "sha256:dda30ba7e87fbbb7eab1ec9f58678558fd9a6b8b853530e176eabd064da81417",
                "sha256:e04e26803c9c3851c931eac40c695602c6295b8d432cbe78609649ad9bd2da8a",
                "sha256:e1c0b87e09fa55a220f058d1d49d3fb8df88fbfab58558f1198e08c1e1de842a",
                "sha256:e72591e9ecd94d7feb70c1cbd7be7b3ebea3f548870aa91e2732960fa4d57a37",
                "sha256:e8c843bbcda3a2f1e3c2ab25913c80a3c5376cd00c6e8c4a86a89a28c8dc5452",
                "sha256:efc1913fd2ca4f334418481c7e595c00aad186563bbc1ec76067848c7ca0a933",
                "sha256:f121a1420d4e173a5d96e47e9a0c0dcff965afdf1626d28de1460815f7c4ee7a",
                "sha256:fc7b548b17d238737688817ab67deebb30e8073c95749d55538ed473130ec0c7"
            ],
            "markers": "python_version >= '3.7'",
            "version": "==2.1.1"
        },
        "six": {
            "hashes": [
                "sha256:1e61c37477a1626458e36f7b1d82aa5c9b094fa4802892072e49de9c60c4c926",
                "sha256:8abb2f1d86890a2dfb989f9a77cfcfd3e47c2a354b01111771326f8aa26e0254"
            ],
            "index": "pypi",
            "version": "==1.16.0"
        }
    },
    "develop": {
        "appdirs": {
            "hashes": [
                "sha256:7d5d0167b2b1ba821647616af46a749d1c653740dd0d2415100fe26e27afdf41",
                "sha256:a841dacd6b99318a741b166adb07e19ee71a274450e68237b4650ca1055ab128"
            ],
            "version": "==1.4.4"
        },
        "black": {
            "hashes": [
                "sha256:23695358dbcb3deafe7f0a3ad89feee5999a46be5fec21f4f1d108be0bcdb3b1",
                "sha256:8a60071a0043876a4ae96e6c69bd3a127dad2c1ca7c8083573eb82f92705d008"
            ],
            "index": "pypi",
            "version": "==21.5b1"
        },
        "click": {
            "hashes": [
                "sha256:7682dc8afb30297001674575ea00d1814d808d6a36af415a82bd481d37ba7b8e",
                "sha256:bb4d8133cb15a609f44e8213d9b391b0809795062913b383c62be0ee95b1db48"
            ],
            "markers": "python_version >= '3.7'",
            "version": "==8.1.3"
        },
        "et-xmlfile": {
            "hashes": [
                "sha256:8eb9e2bc2f8c97e37a2dc85a09ecdcdec9d8a396530a6d5a33b30b9a92da0c5c",
                "sha256:a2ba85d1d6a74ef63837eed693bcb89c3f752169b0e3e7ae5b16ca5e1b3deada"
            ],
            "markers": "python_version >= '3.6'",
            "version": "==1.1.0"
        },
        "memory-profiler": {
            "hashes": [
                "sha256:01385ac0fec944fcf7969814ec4406c6d8a9c66c079d09276723c5a7680f44e5"
            ],
            "index": "pypi",
            "version": "==0.58.0"
        },
        "mypy-extensions": {
            "hashes": [
                "sha256:090fedd75945a69ae91ce1303b5824f428daf5a028d2f6ab8a299250a846f15d",
                "sha256:2d82818f5bb3e369420cb3c4060a7970edba416647068eb4c5343488a6c604a8"
            ],
            "version": "==0.4.3"
        },
        "nose": {
            "hashes": [
                "sha256:9ff7c6cc443f8c51994b34a667bbcf45afd6d945be7477b52e97516fd17c53ac",
                "sha256:dadcddc0aefbf99eea214e0f1232b94f2fa9bd98fa8353711dacb112bfcbbb2a",
                "sha256:f1bffef9cbc82628f6e7d7b40d7e255aefaa1adb6a1b1d26c69a8b79e6208a98"
            ],
            "index": "pypi",
            "version": "==1.3.7"
        },
        "numpy": {
            "hashes": [
                "sha256:004f0efcb2fe1c0bd6ae1fcfc69cc8b6bf2407e0f18be308612007a0762b4089",
                "sha256:09f6b7bdffe57fc61d869a22f506049825d707b288039d30f26a0d0d8ea05164",
                "sha256:0ea3f98a0ffce3f8f57675eb9119f3f4edb81888b6874bc1953f91e0b1d4f440",
                "sha256:17c0e467ade9bda685d5ac7f5fa729d8d3e76b23195471adae2d6a6941bd2c18",
                "sha256:1f27b5322ac4067e67c8f9378b41c746d8feac8bdd0e0ffede5324667b8a075c",
                "sha256:22d43376ee0acd547f3149b9ec12eec2f0ca4a6ab2f61753c5b29bb3e795ac4d",
                "sha256:2ad3ec9a748a8943e6eb4358201f7e1c12ede35f510b1a2221b70af4bb64295c",
                "sha256:301c00cf5e60e08e04d842fc47df641d4a181e651c7135c50dc2762ffe293dbd",
                "sha256:39a664e3d26ea854211867d20ebcc8023257c1800ae89773cbba9f9e97bae036",
                "sha256:51bf49c0cd1d52be0a240aa66f3458afc4b95d8993d2d04f0d91fa60c10af6cd",
                "sha256:78a63d2df1d947bd9d1b11d35564c2f9e4b57898aae4626638056ec1a231c40c",
                "sha256:7cd1328e5bdf0dee621912f5833648e2daca72e3839ec1d6695e91089625f0b4",
                "sha256:8355fc10fd33a5a70981a5b8a0de51d10af3688d7a9e4a34fcc8fa0d7467bb7f",
                "sha256:8c79d7cf86d049d0c5089231a5bcd31edb03555bd93d81a16870aa98c6cfb79d",
                "sha256:91b8d6768a75247026e951dce3b2aac79dc7e78622fc148329135ba189813584",
                "sha256:94c15ca4e52671a59219146ff584488907b1f9b3fc232622b47e2cf832e94fb8",
                "sha256:98dcbc02e39b1658dc4b4508442a560fe3ca5ca0d989f0df062534e5ca3a5c1a",
                "sha256:a64403f634e5ffdcd85e0b12c08f04b3080d3e840aef118721021f9b48fc1460",
                "sha256:bc6e8da415f359b578b00bcfb1d08411c96e9a97f9e6c7adada554a0812a6cc6",
                "sha256:bdc9febce3e68b697d931941b263c59e0c74e8f18861f4064c1f712562903411",
                "sha256:c1ba66c48b19cc9c2975c0d354f24058888cdc674bebadceb3cdc9ec403fb5d1",
                "sha256:c9f707b5bb73bf277d812ded9896f9512a43edff72712f31667d0a8c2f8e71ee",
                "sha256:d5422d6a1ea9b15577a9432e26608c73a78faf0b9039437b075cf322c92e98e7",
                "sha256:e5d5420053bbb3dd64c30e58f9363d7a9c27444c3648e61460c1237f9ec3fa14",
                "sha256:e868b0389c5ccfc092031a861d4e158ea164d8b7fdbb10e3b5689b4fc6498df6",
                "sha256:efd9d3abe5774404becdb0748178b48a218f1d8c44e0375475732211ea47c67e",
                "sha256:f8c02ec3c4c4fcb718fdf89a6c6f709b14949408e8cf2a2be5bfa9c49548fd85",
                "sha256:ffcf105ecdd9396e05a8e58e81faaaf34d3f9875f137c7372450baa5d77c9a54"
            ],
            "index": "pypi",
            "version": "==1.23.3"
        },
        "openpyxl": {
            "hashes": [
                "sha256:46af4eaf201a89b610fcca177eed957635f88770a5462fb6aae4a2a52b0ff516",
                "sha256:6456a3b472e1ef0facb1129f3c6ef00713cebf62e736cd7a75bcc3247432f251"
            ],
            "index": "pypi",
            "version": "==3.0.7"
        },
        "pathspec": {
            "hashes": [
                "sha256:46846318467efc4556ccfd27816e004270a9eeeeb4d062ce5e6fc7a87c573f93",
                "sha256:7ace6161b621d31e7902eb6b5ae148d12cfd23f4a249b9ffb6b9fee12084323d"
            ],
            "markers": "python_version >= '3.7'",
            "version": "==0.10.1"
        },
        "psutil": {
            "hashes": [
                "sha256:14b29f581b5edab1f133563272a6011925401804d52d603c5c606936b49c8b97",
                "sha256:256098b4f6ffea6441eb54ab3eb64db9ecef18f6a80d7ba91549195d55420f84",
                "sha256:39ec06dc6c934fb53df10c1672e299145ce609ff0611b569e75a88f313634969",
                "sha256:404f4816c16a2fcc4eaa36d7eb49a66df2d083e829d3e39ee8759a411dbc9ecf",
                "sha256:42638876b7f5ef43cef8dcf640d3401b27a51ee3fa137cb2aa2e72e188414c32",
                "sha256:4642fd93785a29353d6917a23e2ac6177308ef5e8be5cc17008d885cb9f70f12",
                "sha256:4fb54941aac044a61db9d8eb56fc5bee207db3bc58645d657249030e15ba3727",
                "sha256:561dec454853846d1dd0247b44c2e66a0a0c490f937086930ec4b8f83bf44f06",
                "sha256:5d39e3a2d5c40efa977c9a8dd4f679763c43c6c255b1340a56489955dbca767c",
                "sha256:614337922702e9be37a39954d67fdb9e855981624d8011a9927b8f2d3c9625d9",
                "sha256:67b33f27fc0427483b61563a16c90d9f3b547eeb7af0ef1b9fe024cdc9b3a6ea",
                "sha256:68b35cbff92d1f7103d8f1db77c977e72f49fcefae3d3d2b91c76b0e7aef48b8",
                "sha256:7cbb795dcd8ed8fd238bc9e9f64ab188f3f4096d2e811b5a82da53d164b84c3f",
                "sha256:8f024fbb26c8daf5d70287bb3edfafa22283c255287cf523c5d81721e8e5d82c",
                "sha256:91aa0dac0c64688667b4285fa29354acfb3e834e1fd98b535b9986c883c2ce1d",
                "sha256:94e621c6a4ddb2573d4d30cba074f6d1aa0186645917df42c811c473dd22b339",
                "sha256:9770c1d25aee91417eba7869139d629d6328a9422ce1cdd112bd56377ca98444",
                "sha256:b1928b9bf478d31fdffdb57101d18f9b70ed4e9b0e41af751851813547b2a9ab",
                "sha256:b2f248ffc346f4f4f0d747ee1947963613216b06688be0be2e393986fe20dbbb",
                "sha256:b315febaebae813326296872fdb4be92ad3ce10d1d742a6b0c49fb619481ed0b",
                "sha256:b3591616fa07b15050b2f87e1cdefd06a554382e72866fcc0ab2be9d116486c8",
                "sha256:b4018d5f9b6651f9896c7a7c2c9f4652e4eea53f10751c4e7d08a9093ab587ec",
                "sha256:d75291912b945a7351d45df682f9644540d564d62115d4a20d45fa17dc2d48f8",
                "sha256:dc9bda7d5ced744622f157cc8d8bdd51735dafcecff807e928ff26bdb0ff097d",
                "sha256:e3ac2c0375ef498e74b9b4ec56df3c88be43fe56cac465627572dbfb21c4be34",
                "sha256:e4c4a7636ffc47b7141864f1c5e7d649f42c54e49da2dd3cceb1c5f5d29bfc85",
                "sha256:ed29ea0b9a372c5188cdb2ad39f937900a10fb5478dc077283bf86eeac678ef1",
                "sha256:f40ba362fefc11d6bea4403f070078d60053ed422255bd838cd86a40674364c9",
                "sha256:f4cb67215c10d4657e320037109939b1c1d2fd70ca3d76301992f89fe2edb1f1",
                "sha256:f7929a516125f62399d6e8e026129c8835f6c5a3aab88c3fff1a05ee8feb840d",
                "sha256:fd331866628d18223a4265371fd255774affd86244fc307ef66eaf00de0633d5",
                "sha256:feb861a10b6c3bb00701063b37e4afc754f8217f0f09c42280586bd6ac712b5c"
            ],
            "markers": "python_version >= '2.7' and python_version not in '3.0, 3.1, 3.2, 3.3'",
            "version": "==5.9.2"
        },
        "pytz": {
            "hashes": [
                "sha256:83a4a90894bf38e243cf052c8b58f381bfe9a7a483f6a9cab140bc7f702ac4da",
                "sha256:eb10ce3e7736052ed3623d49975ce333bcd712c7bb19a58b9e2089d4057d0798"
            ],
            "index": "pypi",
            "version": "==2021.1"
        },
        "regex": {
            "hashes": [
                "sha256:01a01a69f1f82691675c35ec282f44ad2d0a2c27558f6238f8cd2d29616a150e",
                "sha256:043625b6115e290c12d736ab9872fd9fe0ac3cf43779411e9ade5496f60f1352",
                "sha256:06b3c5a0e12048902575e7ec41717807db07c06f94f8ac7ca2ca577f3412d48b",
                "sha256:0824f163c26bc1684ebd9fe4d8c77ae6aceb4aa560c06cd050429b028dc5c3e2",
                "sha256:0d7df2af1341cee32a03466b59b37c418bedb83863b5feba8ec4c70ad5de3dee",
                "sha256:0d86877f721d671ec2e368341c48b762883e1ede39fc1fb78ee68b8cf0c82696",
                "sha256:0ec603781007ae2506dba040fe9e770f2b2ae00d8b55793f56392fe6cf5a2b72",
                "sha256:0f37a2c670856e4530b820accacb3ea6e4ab9bb1c7e3c59153cb96b6cd204ad5",
                "sha256:0f79ebe9a055359410d33090195ea8a3869c591c6cedb125741c0a05f372d85c",
                "sha256:1210923af1a9152400308abb0156a3c9a2e4a3a3a9ab0aa2f1713a9859a3809b",
                "sha256:12655ea0f3bac970bc0421ef6504a585eab6238dee988921395ea1c6fe19a792",
                "sha256:161963b448c7dfdb2dd78c87e2c7882a536583d46e9ab4b7fb350f5196283720",
                "sha256:1c3133a547b78886e2cc01a2fa1c0a0dae9b5a7201cbaec98d4e33e593536d17",
                "sha256:1c71e74a0174a742b14e7ca30e28c69a3bf895e7f92aaac1cb5bd84f231565d6",
                "sha256:1dde2c60cd015afb04314e55b4270e763aa401099819e80ae41d79886d4ca47e",
                "sha256:1f45b7e96ecdfc36023e33d680af2f5033a418c9ef36efba03f324fc4d9b4f4c",
                "sha256:2057e34d7af62c8bae1f6bfae585eba9d64ba0c95a5462380e16d842118da7c9",
                "sha256:212090f37c65381933643a1a8b94d5d73a10027415a7c4baa3cae6549ad49ab2",
                "sha256:27d53e5b3cc409e643ef42cfffffd160bec28111aa60634c251e871d8e542416",
                "sha256:27d73b632648d392fd4003d7e19aedacd6ac1613f41abadef9ac5681b1da0a24",
                "sha256:28f21c16d624c3b2661c84a6bc68e0fa399fd352f858a092315fe40cd2e20b95",
                "sha256:2e1edba9bd3900f6434f563227ecb8dc4ebb2ca8e39106c0d48a1195a88a3415",
                "sha256:36dc03da451c2aef9a3ea521a453faa43474fc6c1d8b46706aee6c31a57d3552",
                "sha256:37a47d96224cadaa79cf64b10aad85604787fffb8913ec39bcad985f73588a55",
                "sha256:386d82efc745dd9676a4d372c57f8a0229482ad31d400024b6b5fad67bdb6496",
                "sha256:39139c1921cfebe4012149561cb3b8b46adad533e45fc306f8ba7ce5c112dac3",
                "sha256:40ca0f1294e7fdb16c386f532c13342d181084e986572c7bcf256cfe517d6529",
                "sha256:41af38280a9a633f30e284db648ae827327e8d2790e47dc1885780e4d08d35bf",
                "sha256:4704278136c6b86aef89adfe8878a72cfc20436d2a5c03bab141cd135a47c0a5",
                "sha256:48e4cf239875093790fa269d7a4f0cd532748d502488231512b3956d7f03295b",
                "sha256:4a0c807a70ea71b168ac0d358e26e97c4a0af06e6ee99e757a8e7d19ac18994a",
                "sha256:53190d6cf1a11cc7fa9f7f9f9c753c95ddad7d60eb4801cf5716b4f98216a82d",
                "sha256:54d9219992e4c849279297d4e3b076a01eca55a75d54e0d80d5c391f644ae7f3",
                "sha256:577043629a33ab932b484139a097cf26b19e64b833bde7a294f67077ddb4918e",
                "sha256:5b10a18f36add26752140ba48278198168c92d26c3b4d080079bc584fce778bf",
                "sha256:5b1b239b7b441f89edca8eeb75c334a4d47e1a4382c1c655f14802604e328a7f",
                "sha256:5f1b30c151af4b1f5b8cffff0537377fe4d544e53b4932933fb00714d6bf40d6",
                "sha256:5f95532fc075f5f416d1376ed5c5d2c67fbbc69d99abc80575a15ff3666b72c7",
                "sha256:612782329e9b9063f81365a26731efa4cf550afc8b0b2ae92d41df5c8fbc3acb",
                "sha256:64ebceb1012dbb2f9bb02a5ad51740f87666d627c6f302c4159c046fdb31a248",
                "sha256:65322a8fba16461eed85aa5ea10e062d72f31da2e49538c650f07675212ae1f1",
                "sha256:66de863f6fb5940b8eaa07ae2c5aa131bdff2f52aaa1d8ef960c44c164c00398",
                "sha256:682956726baaf73d8b5275289d1293f8fc2bc32433d0c211326b51c9e792ccc6",
                "sha256:6ad8cbbb653d41b3ee0079d02f65d811f8764ffdc138a7207bdd562d30299856",
                "sha256:6c46aa8d54a849aaf5faf69040976c059c325dbc1d927644904ff04f6f10fc55",
                "sha256:6db6795c4d1b596a862011949a6a6ea3824dfcff6cb4273f75a2f2ffdfffd4bb",
                "sha256:6f01b342ec64d0e47915c70f14596c2e06d126b92c3ea420b6cc0992c43a4312",
                "sha256:70f0646605177ebd4c3e658ba35a366fe9a33e67325cdd0b920c48ea768d8a82",
                "sha256:75280dd3ba402c565d0dfafd712f3c5ffd5b304ae488ecb09ee82732d5496bf6",
                "sha256:7df5518b2a92b0205e2bc52d954a74913e11263378db37265f220117092093eb",
                "sha256:841d93b90d71854378fc5ac6b52fb952428370f7672f20b12efcb93aa932b340",
                "sha256:84d1776b3c0bb4ecd5c2a6d37dc271f922752e80476aded3b6f2376bc5ab1ede",
                "sha256:8c9e18ff1a5ccf925ce800749d09a40ff7c20bcd47a7d53851880b5fedf5a591",
                "sha256:8cbe69dd5c4ee69935914b6052b09c70a387300c178b0b3ea1893f85010cabea",
                "sha256:92f9ef720dafe3b76a43f683f9455f5eb2d4dda8a595bc9cacf5741273facff5",
                "sha256:93fe7b56a44072828a49b15f74c0915ae5e301ec9caaedbe3c70c45df67389c6",
                "sha256:97110faa16598a488ddfe3022b5bd9b4db1d2ce1ee72db080876a80911feefad",
                "sha256:985ebdb2ede7f885ceea10d3f418847f31cfaad439d1c6fa9b6b7aa4606a1675",
                "sha256:9b646d2664342270d8cd4828a939675eaf62ad4c3df0633d0bd08d1df3715c2a",
                "sha256:9e2193eca5c588ca7565760f07d82bbc450dcab54294d8aa0b796ee8521f8485",
                "sha256:a1115967b13a1fe5388ede91caf296aa22e05a9f1b2fe4ab99f41bdf14af981a",
                "sha256:a15dde0bec401c7831782171d374f87f55600cdc5790611b947beea54d32dbf7",
                "sha256:a31e7c3cd447f29cce5a5a5270a0c5d355c8f7e55266346f1b71cbe61c35756e",
                "sha256:a68890ca4931eacc4149bcb5de8b2411c7cf8781d68373789cab48730fc50463",
                "sha256:aa713ac41c6f1e3fecca3a2608aeb35b1ba1feba7f0c52710ea1929609990c89",
                "sha256:b1629547bacb14fbd27f53f627b3adb7ec31e63c42b89d7c3ab66bb94d5d50b3",
                "sha256:b2bcaf9b72c36c4e55b2f279f8747a6ac5615a3486905b9188299fefaa5bcb09",
                "sha256:b5498add367e83d0f6bae32e9574cfeb2e3c95defb8dd446bf6b564171cdce7a",
                "sha256:b694a7569842869574320484c0463e75f94abe991e6a448616647fa18c1b78c8",
                "sha256:b8472d4239378f8a2e71a9f09f0ebc3b6eccf0a59b31ab91455c169b7784d41c",
                "sha256:bee699bee0f364af37729142abb0a0816f9785ba0bb968101dd9d8246da94301",
                "sha256:c267106b630a81d4f13e94ac206cedfcc0496be51c5158077466dafb5def80f0",
                "sha256:c2e4981f41cd1f0fa4632d04b3f2e31502ca85df0b588b22a9f20162611d6c61",
                "sha256:c5ba2e8c3d9ef1c1d745b4c9055283241c366ff8528494af4bf0224499a54712",
                "sha256:c6202fb9c2a1619bde05d742aa2abc2ccfa26ac9be895954172b588560b83c22",
                "sha256:c77ce22edfa612d3d0443fe600895431dc77ca1cfd9dcd3edaba48b28834fa90",
                "sha256:c8bf18398af539ba6550a8086d5b57db9580c36190a0644f1049463855b3aac7",
                "sha256:cfca724c38649c2b0efb56759d0f988e1b534f4148f90065578713400a053771",
                "sha256:da1af5315a070e6abfb2db8b616c1771479f35dca935acadd741cbde5b6ca7f5",
                "sha256:dc868967051010170eee023053d53255901e5f54dd0c34414c3914ab6504c179",
                "sha256:e2bb2341f5bc4ee42ee217d041f2f3af32b6d7031de60ea338274123914990f3",
                "sha256:e41d336e39e9d8e9d1d448a3ea86a2753fd97c83c7b2cc5abb0fc97f383d2108",
                "sha256:e7c05621e74e40c7ce66080e238ed7f9c23ea049ac7b3cb56360b5a34d407f15",
                "sha256:eba4646a81f88542568ad42c8b62819f476dbe786471f5dd8cd8b3f1d8d20df3",
                "sha256:ee677f27f1a464c851ea1dec5f7a4b3fe80b404895891adc442ac42fb9f7d178",
                "sha256:f5bf95f34aea88a745a3cd52b950a54152a85c246dba13d84abf192e12b941a0",
                "sha256:fdce51c6961ff19e6800b7ea706c7836a0eca932053b0c4a3fe19b16e556092d",
                "sha256:fe614fafdc09e3f58dfeb29534b63a17198a92e6b371a10818ace7044a8a94f0"
            ],
            "markers": "python_version >= '3.6'",
            "version": "==2022.9.11"
        },
        "toml": {
            "hashes": [
                "sha256:806143ae5bfb6a3c6e736a764057db0e6a0e05e338b5630894a5f779cabb4f9b",
                "sha256:b3bda1d108d5dd99f4a20d24d9c348e91c4db7ab1b749200bded2f839ccbe68f"
            ],
            "markers": "python_version >= '2.6' and python_version not in '3.0, 3.1, 3.2, 3.3'",
            "version": "==0.10.2"
        },
        "xlsxwriter": {
            "hashes": [
                "sha256:15b65f02f7ecdcfb1f22794b1fcfed8e9a49e8b7414646f90347be5cbf464234",
                "sha256:791567acccc485ba76e0b84bccced2651981171de5b47d541520416f2f9f93e3"
            ],
            "index": "pypi",
            "version": "==1.4.4"
        }
    }
}
