{
    "_meta": {
        "hash": {
            "sha256": "84bdc8b6da6abe86ee6a717ef92cb7bf7dc814914b19e79560ce16c0e208aebd"
        },
        "pipfile-spec": 6,
        "requires": {},
        "sources": [
            {
                "name": "pypi",
                "url": "https://pypi.org/simple",
                "verify_ssl": true
            }
        ]
    },
    "default": {
        "jinja2": {
            "hashes": [
                "sha256:2f2de5285cf37f33d33ecd4a9080b75c87cd0c1994d5a9c6df17131ea1f049c6",
                "sha256:ea8d7dd814ce9df6de6a761ec7f1cac98afe305b8cdc4aaae4e114b8d8ce24c5"
            ],
            "index": "pypi",
            "version": "==3.0.0"
        },
        "markupsafe": {
            "hashes": [
                "sha256:0212a68688482dc52b2d45013df70d169f542b7394fc744c02a57374a4207003",
                "sha256:089cf3dbf0cd6c100f02945abeb18484bd1ee57a079aefd52cffd17fba910b88",
                "sha256:10c1bfff05d95783da83491be968e8fe789263689c02724e0c691933c52994f5",
                "sha256:33b74d289bd2f5e527beadcaa3f401e0df0a89927c1559c8566c066fa4248ab7",
                "sha256:3799351e2336dc91ea70b034983ee71cf2f9533cdff7c14c90ea126bfd95d65a",
                "sha256:3ce11ee3f23f79dbd06fb3d63e2f6af7b12db1d46932fe7bd8afa259a5996603",
                "sha256:421be9fbf0ffe9ffd7a378aafebbf6f4602d564d34be190fc19a193232fd12b1",
                "sha256:43093fb83d8343aac0b1baa75516da6092f58f41200907ef92448ecab8825135",
                "sha256:46d00d6cfecdde84d40e572d63735ef81423ad31184100411e6e3388d405e247",
                "sha256:4a33dea2b688b3190ee12bd7cfa29d39c9ed176bda40bfa11099a3ce5d3a7ac6",
                "sha256:4b9fe39a2ccc108a4accc2676e77da025ce383c108593d65cc909add5c3bd601",
                "sha256:56442863ed2b06d19c37f94d999035e15ee982988920e12a5b4ba29b62ad1f77",
                "sha256:671cd1187ed5e62818414afe79ed29da836dde67166a9fac6d435873c44fdd02",
                "sha256:694deca8d702d5db21ec83983ce0bb4b26a578e71fbdbd4fdcd387daa90e4d5e",
                "sha256:6a074d34ee7a5ce3effbc526b7083ec9731bb3cbf921bbe1d3005d4d2bdb3a63",
                "sha256:6d0072fea50feec76a4c418096652f2c3238eaa014b2f94aeb1d56a66b41403f",
                "sha256:6fbf47b5d3728c6aea2abb0589b5d30459e369baa772e0f37a0320185e87c980",
                "sha256:7f91197cc9e48f989d12e4e6fbc46495c446636dfc81b9ccf50bb0ec74b91d4b",
                "sha256:86b1f75c4e7c2ac2ccdaec2b9022845dbb81880ca318bb7a0a01fbf7813e3812",
                "sha256:8dc1c72a69aa7e082593c4a203dcf94ddb74bb5c8a731e4e1eb68d031e8498ff",
                "sha256:8e3dcf21f367459434c18e71b2a9532d96547aef8a871872a5bd69a715c15f96",
                "sha256:8e576a51ad59e4bfaac456023a78f6b5e6e7651dcd383bcc3e18d06f9b55d6d1",
                "sha256:96e37a3dc86e80bf81758c152fe66dbf60ed5eca3d26305edf01892257049925",
                "sha256:97a68e6ada378df82bc9f16b800ab77cbf4b2fada0081794318520138c088e4a",
                "sha256:99a2a507ed3ac881b975a2976d59f38c19386d128e7a9a18b7df6fff1fd4c1d6",
                "sha256:a49907dd8420c5685cfa064a1335b6754b74541bbb3706c259c02ed65b644b3e",
                "sha256:b09bf97215625a311f669476f44b8b318b075847b49316d3e28c08e41a7a573f",
                "sha256:b7bd98b796e2b6553da7225aeb61f447f80a1ca64f41d83612e6139ca5213aa4",
                "sha256:b87db4360013327109564f0e591bd2a3b318547bcef31b468a92ee504d07ae4f",
                "sha256:bcb3ed405ed3222f9904899563d6fc492ff75cce56cba05e32eff40e6acbeaa3",
                "sha256:d4306c36ca495956b6d568d276ac11fdd9c30a36f1b6eb928070dc5360b22e1c",
                "sha256:d5ee4f386140395a2c818d149221149c54849dfcfcb9f1debfe07a8b8bd63f9a",
                "sha256:dda30ba7e87fbbb7eab1ec9f58678558fd9a6b8b853530e176eabd064da81417",
                "sha256:e04e26803c9c3851c931eac40c695602c6295b8d432cbe78609649ad9bd2da8a",
                "sha256:e1c0b87e09fa55a220f058d1d49d3fb8df88fbfab58558f1198e08c1e1de842a",
                "sha256:e72591e9ecd94d7feb70c1cbd7be7b3ebea3f548870aa91e2732960fa4d57a37",
                "sha256:e8c843bbcda3a2f1e3c2ab25913c80a3c5376cd00c6e8c4a86a89a28c8dc5452",
                "sha256:efc1913fd2ca4f334418481c7e595c00aad186563bbc1ec76067848c7ca0a933",
                "sha256:f121a1420d4e173a5d96e47e9a0c0dcff965afdf1626d28de1460815f7c4ee7a",
                "sha256:fc7b548b17d238737688817ab67deebb30e8073c95749d55538ed473130ec0c7"
            ],
            "markers": "python_version >= '3.7'",
            "version": "==2.1.1"
        },
        "six": {
            "hashes": [
                "sha256:1e61c37477a1626458e36f7b1d82aa5c9b094fa4802892072e49de9c60c4c926",
                "sha256:8abb2f1d86890a2dfb989f9a77cfcfd3e47c2a354b01111771326f8aa26e0254"
            ],
            "index": "pypi",
            "version": "==1.16.0"
        }
    },
    "develop": {
        "appdirs": {
            "hashes": [
                "sha256:7d5d0167b2b1ba821647616af46a749d1c653740dd0d2415100fe26e27afdf41",
                "sha256:a841dacd6b99318a741b166adb07e19ee71a274450e68237b4650ca1055ab128"
            ],
            "version": "==1.4.4"
        },
        "black": {
            "hashes": [
                "sha256:23695358dbcb3deafe7f0a3ad89feee5999a46be5fec21f4f1d108be0bcdb3b1",
                "sha256:8a60071a0043876a4ae96e6c69bd3a127dad2c1ca7c8083573eb82f92705d008"
            ],
            "index": "pypi",
            "version": "==21.5b1"
        },
        "click": {
            "hashes": [
                "sha256:7682dc8afb30297001674575ea00d1814d808d6a36af415a82bd481d37ba7b8e",
                "sha256:bb4d8133cb15a609f44e8213d9b391b0809795062913b383c62be0ee95b1db48"
            ],
            "markers": "python_version >= '3.7'",
            "version": "==8.1.3"
        },
        "et-xmlfile": {
            "hashes": [
                "sha256:8eb9e2bc2f8c97e37a2dc85a09ecdcdec9d8a396530a6d5a33b30b9a92da0c5c",
                "sha256:a2ba85d1d6a74ef63837eed693bcb89c3f752169b0e3e7ae5b16ca5e1b3deada"
            ],
            "markers": "python_version >= '3.6'",
            "version": "==1.1.0"
        },
        "memory-profiler": {
            "hashes": [
                "sha256:01385ac0fec944fcf7969814ec4406c6d8a9c66c079d09276723c5a7680f44e5"
            ],
            "index": "pypi",
            "version": "==0.58.0"
        },
        "mypy-extensions": {
            "hashes": [
                "sha256:090fedd75945a69ae91ce1303b5824f428daf5a028d2f6ab8a299250a846f15d",
                "sha256:2d82818f5bb3e369420cb3c4060a7970edba416647068eb4c5343488a6c604a8"
            ],
            "version": "==0.4.3"
        },
        "nose": {
            "hashes": [
                "sha256:9ff7c6cc443f8c51994b34a667bbcf45afd6d945be7477b52e97516fd17c53ac",
                "sha256:dadcddc0aefbf99eea214e0f1232b94f2fa9bd98fa8353711dacb112bfcbbb2a",
                "sha256:f1bffef9cbc82628f6e7d7b40d7e255aefaa1adb6a1b1d26c69a8b79e6208a98"
            ],
            "index": "pypi",
            "version": "==1.3.7"
        },
        "numpy": {
            "hashes": [
                "sha256:0fe563fc8ed9dc4474cbf70742673fc4391d70f4363f917599a7fa99f042d5a8",
                "sha256:12ac457b63ec8ded85d85c1e17d85efd3c2b0967ca39560b307a35a6703a4735",
                "sha256:2341f4ab6dba0834b685cce16dad5f9b6606ea8a00e6da154f5dbded70fdc4dd",
                "sha256:296d17aed51161dbad3c67ed6d164e51fcd18dbcd5dd4f9d0a9c6055dce30810",
                "sha256:488a66cb667359534bc70028d653ba1cf307bae88eab5929cd707c761ff037db",
                "sha256:4d52914c88b4930dafb6c48ba5115a96cbab40f45740239d9f4159c4ba779962",
                "sha256:5e13030f8793e9ee42f9c7d5777465a560eb78fa7e11b1c053427f2ccab90c79",
                "sha256:61be02e3bf810b60ab74e81d6d0d36246dbfb644a462458bb53b595791251911",
                "sha256:7607b598217745cc40f751da38ffd03512d33ec06f3523fb0b5f82e09f6f676d",
                "sha256:7a70a7d3ce4c0e9284e92285cba91a4a3f5214d87ee0e95928f3614a256a1488",
                "sha256:7ab46e4e7ec63c8a5e6dbf5c1b9e1c92ba23a7ebecc86c336cb7bf3bd2fb10e5",
                "sha256:8981d9b5619569899666170c7c9748920f4a5005bf79c72c07d08c8a035757b0",
                "sha256:8c053d7557a8f022ec823196d242464b6955a7e7e5015b719e76003f63f82d0f",
                "sha256:926db372bc4ac1edf81cfb6c59e2a881606b409ddc0d0920b988174b2e2a767f",
                "sha256:95d79ada05005f6f4f337d3bb9de8a7774f259341c70bc88047a1f7b96a4bcb2",
                "sha256:95de7dc7dc47a312f6feddd3da2500826defdccbc41608d0031276a24181a2c0",
                "sha256:a0882323e0ca4245eb0a3d0a74f88ce581cc33aedcfa396e415e5bba7bf05f68",
                "sha256:a8365b942f9c1a7d0f0dc974747d99dd0a0cdfc5949a33119caf05cb314682d3",
                "sha256:a8aae2fb3180940011b4862b2dd3756616841c53db9734b27bb93813cd79fce6",
                "sha256:c237129f0e732885c9a6076a537e974160482eab8f10db6292e92154d4c67d71",
                "sha256:c67b833dbccefe97cdd3f52798d430b9d3430396af7cdb2a0c32954c3ef73894",
                "sha256:ce03305dd694c4873b9429274fd41fc7eb4e0e4dea07e0af97a933b079a5814f",
                "sha256:d331afac87c92373826af83d2b2b435f57b17a5c74e6268b79355b970626e329",
                "sha256:dada341ebb79619fe00a291185bba370c9803b1e1d7051610e01ed809ef3a4ba",
                "sha256:ed2cc92af0efad20198638c69bb0fc2870a58dabfba6eb722c933b48556c686c",
                "sha256:f260da502d7441a45695199b4e7fd8ca87db659ba1c78f2bbf31f934fe76ae0e",
                "sha256:f2f390aa4da44454db40a1f0201401f9036e8d578a25f01a6e237cea238337ef",
                "sha256:f76025acc8e2114bb664294a07ede0727aa75d63a06d2fae96bf29a81747e4a7"
            ],
            "index": "pypi",
            "version": "==1.23.4"
        },
        "openpyxl": {
            "hashes": [
                "sha256:46af4eaf201a89b610fcca177eed957635f88770a5462fb6aae4a2a52b0ff516",
                "sha256:6456a3b472e1ef0facb1129f3c6ef00713cebf62e736cd7a75bcc3247432f251"
            ],
            "index": "pypi",
            "version": "==3.0.7"
        },
        "pathspec": {
            "hashes": [
                "sha256:46846318467efc4556ccfd27816e004270a9eeeeb4d062ce5e6fc7a87c573f93",
                "sha256:7ace6161b621d31e7902eb6b5ae148d12cfd23f4a249b9ffb6b9fee12084323d"
            ],
            "markers": "python_version >= '3.7'",
            "version": "==0.10.1"
        },
        "psutil": {
            "hashes": [
                "sha256:14b29f581b5edab1f133563272a6011925401804d52d603c5c606936b49c8b97",
                "sha256:256098b4f6ffea6441eb54ab3eb64db9ecef18f6a80d7ba91549195d55420f84",
                "sha256:39ec06dc6c934fb53df10c1672e299145ce609ff0611b569e75a88f313634969",
                "sha256:404f4816c16a2fcc4eaa36d7eb49a66df2d083e829d3e39ee8759a411dbc9ecf",
                "sha256:42638876b7f5ef43cef8dcf640d3401b27a51ee3fa137cb2aa2e72e188414c32",
                "sha256:4642fd93785a29353d6917a23e2ac6177308ef5e8be5cc17008d885cb9f70f12",
                "sha256:4fb54941aac044a61db9d8eb56fc5bee207db3bc58645d657249030e15ba3727",
                "sha256:561dec454853846d1dd0247b44c2e66a0a0c490f937086930ec4b8f83bf44f06",
                "sha256:5d39e3a2d5c40efa977c9a8dd4f679763c43c6c255b1340a56489955dbca767c",
                "sha256:614337922702e9be37a39954d67fdb9e855981624d8011a9927b8f2d3c9625d9",
                "sha256:67b33f27fc0427483b61563a16c90d9f3b547eeb7af0ef1b9fe024cdc9b3a6ea",
                "sha256:68b35cbff92d1f7103d8f1db77c977e72f49fcefae3d3d2b91c76b0e7aef48b8",
                "sha256:7cbb795dcd8ed8fd238bc9e9f64ab188f3f4096d2e811b5a82da53d164b84c3f",
                "sha256:8f024fbb26c8daf5d70287bb3edfafa22283c255287cf523c5d81721e8e5d82c",
                "sha256:91aa0dac0c64688667b4285fa29354acfb3e834e1fd98b535b9986c883c2ce1d",
                "sha256:94e621c6a4ddb2573d4d30cba074f6d1aa0186645917df42c811c473dd22b339",
                "sha256:9770c1d25aee91417eba7869139d629d6328a9422ce1cdd112bd56377ca98444",
                "sha256:b1928b9bf478d31fdffdb57101d18f9b70ed4e9b0e41af751851813547b2a9ab",
                "sha256:b2f248ffc346f4f4f0d747ee1947963613216b06688be0be2e393986fe20dbbb",
                "sha256:b315febaebae813326296872fdb4be92ad3ce10d1d742a6b0c49fb619481ed0b",
                "sha256:b3591616fa07b15050b2f87e1cdefd06a554382e72866fcc0ab2be9d116486c8",
                "sha256:b4018d5f9b6651f9896c7a7c2c9f4652e4eea53f10751c4e7d08a9093ab587ec",
                "sha256:d75291912b945a7351d45df682f9644540d564d62115d4a20d45fa17dc2d48f8",
                "sha256:dc9bda7d5ced744622f157cc8d8bdd51735dafcecff807e928ff26bdb0ff097d",
                "sha256:e3ac2c0375ef498e74b9b4ec56df3c88be43fe56cac465627572dbfb21c4be34",
                "sha256:e4c4a7636ffc47b7141864f1c5e7d649f42c54e49da2dd3cceb1c5f5d29bfc85",
                "sha256:ed29ea0b9a372c5188cdb2ad39f937900a10fb5478dc077283bf86eeac678ef1",
                "sha256:f40ba362fefc11d6bea4403f070078d60053ed422255bd838cd86a40674364c9",
                "sha256:f4cb67215c10d4657e320037109939b1c1d2fd70ca3d76301992f89fe2edb1f1",
                "sha256:f7929a516125f62399d6e8e026129c8835f6c5a3aab88c3fff1a05ee8feb840d",
                "sha256:fd331866628d18223a4265371fd255774affd86244fc307ef66eaf00de0633d5",
                "sha256:feb861a10b6c3bb00701063b37e4afc754f8217f0f09c42280586bd6ac712b5c"
            ],
            "markers": "python_version >= '2.7' and python_version not in '3.0, 3.1, 3.2, 3.3'",
            "version": "==5.9.2"
        },
        "pytz": {
            "hashes": [
                "sha256:83a4a90894bf38e243cf052c8b58f381bfe9a7a483f6a9cab140bc7f702ac4da",
                "sha256:eb10ce3e7736052ed3623d49975ce333bcd712c7bb19a58b9e2089d4057d0798"
            ],
            "index": "pypi",
            "version": "==2021.1"
        },
        "regex": {
            "hashes": [
                "sha256:003a2e1449d425afc817b5f0b3d4c4aa9072dd5f3dfbf6c7631b8dc7b13233de",
                "sha256:0385d66e73cdd4462f3cc42c76a6576ddcc12472c30e02a2ae82061bff132c32",
                "sha256:0394265391a86e2bbaa7606e59ac71bd9f1edf8665a59e42771a9c9adbf6fd4f",
                "sha256:03ff695518482b946a6d3d4ce9cbbd99a21320e20d94913080aa3841f880abcd",
                "sha256:079c182f99c89524069b9cd96f5410d6af437e9dca576a7d59599a574972707e",
                "sha256:091efcfdd4178a7e19a23776dc2b1fafb4f57f4d94daf340f98335817056f874",
                "sha256:0b664a4d33ffc6be10996606dfc25fd3248c24cc589c0b139feb4c158053565e",
                "sha256:14216ea15efc13f28d0ef1c463d86d93ca7158a79cd4aec0f9273f6d4c6bb047",
                "sha256:14a7ab070fa3aec288076eed6ed828587b805ef83d37c9bfccc1a4a7cfbd8111",
                "sha256:14c71437ffb89479c89cc7022a5ea2075a842b728f37205e47c824cc17b30a42",
                "sha256:18e503b1e515a10282b3f14f1b3d856194ecece4250e850fad230842ed31227f",
                "sha256:19a4da6f513045f5ba00e491215bd00122e5bd131847586522463e5a6b2bd65f",
                "sha256:1a901ce5cd42658ab8f8eade51b71a6d26ad4b68c7cfc86b87efc577dfa95602",
                "sha256:26df88c9636a0c3f3bd9189dd435850a0c49d0b7d6e932500db3f99a6dd604d1",
                "sha256:2dda4b096a6f630d6531728a45bd12c67ec3badf44342046dc77d4897277d4f2",
                "sha256:322bd5572bed36a5b39952d88e072738926759422498a96df138d93384934ff8",
                "sha256:360ffbc9357794ae41336b681dff1c0463193199dfb91fcad3ec385ea4972f46",
                "sha256:37e5a26e76c46f54b3baf56a6fdd56df9db89758694516413757b7d127d4c57b",
                "sha256:3d64e1a7e6d98a4cdc8b29cb8d8ed38f73f49e55fbaa737bdb5933db99b9de22",
                "sha256:3f3b4594d564ed0b2f54463a9f328cf6a5b2a32610a90cdff778d6e3e561d08b",
                "sha256:4146cb7ae6029fc83b5c905ec6d806b7e5568dc14297c423e66b86294bad6c39",
                "sha256:4318f69b79f9f7d84a7420e97d4bfe872dc767c72f891d4fea5fa721c74685f7",
                "sha256:4cdbfa6d2befeaee0c899f19222e9b20fc5abbafe5e9c43a46ef819aeb7b75e5",
                "sha256:50e764ffbd08b06aa8c4e86b8b568b6722c75d301b33b259099f237c46b2134e",
                "sha256:518272f25da93e02af4f1e94985f5042cec21557ef3591027d0716f2adda5d0a",
                "sha256:592b9e2e1862168e71d9e612bfdc22c451261967dbd46681f14e76dfba7105fd",
                "sha256:59a786a55d00439d8fae4caaf71581f2aaef7297d04ee60345c3594efef5648a",
                "sha256:59bac44b5a07b08a261537f652c26993af9b1bbe2a29624473968dd42fc29d56",
                "sha256:5d0dd8b06896423211ce18fba0c75dacc49182a1d6514c004b535be7163dca0f",
                "sha256:67a4c625361db04ae40ef7c49d3cbe2c1f5ff10b5a4491327ab20f19f2fb5d40",
                "sha256:6adfe300848d61a470ec7547adc97b0ccf86de86a99e6830f1d8c8d19ecaf6b3",
                "sha256:6b32b45433df1fad7fed738fe15200b6516da888e0bd1fdd6aa5e50cc16b76bc",
                "sha256:6c57d50d4d5eb0c862569ca3c840eba2a73412f31d9ecc46ef0d6b2e621a592b",
                "sha256:6d43bd402b27e0e7eae85c612725ba1ce7798f20f6fab4e8bc3de4f263294f03",
                "sha256:6e521d9db006c5e4a0f8acfef738399f72b704913d4e083516774eb51645ad7c",
                "sha256:6fe1dd1021e0f8f3f454ce2811f1b0b148f2d25bb38c712fec00316551e93650",
                "sha256:73b985c9fc09a7896846e26d7b6f4d1fd5a20437055f4ef985d44729f9f928d0",
                "sha256:7681c49da1a2d4b905b4f53d86c9ba4506e79fba50c4a664d9516056e0f7dfcc",
                "sha256:77c2879d3ba51e5ca6c2b47f2dcf3d04a976a623a8fc8236010a16c9e0b0a3c7",
                "sha256:7b0c5cc3d1744a67c3b433dce91e5ef7c527d612354c1f1e8576d9e86bc5c5e2",
                "sha256:7fcf7f94ccad19186820ac67e2ec7e09e0ac2dac39689f11cf71eac580503296",
                "sha256:83cc32a1a2fa5bac00f4abc0e6ce142e3c05d3a6d57e23bd0f187c59b4e1e43b",
                "sha256:8418ee2cb857b83881b8f981e4c636bc50a0587b12d98cb9b947408a3c484fe7",
                "sha256:86df2049b18745f3cd4b0f4c4ef672bfac4b80ca488e6ecfd2bbfe68d2423a2c",
                "sha256:880dbeb6bdde7d926b4d8e41410b16ffcd4cb3b4c6d926280fea46e2615c7a01",
                "sha256:8aba0d01e3dfd335f2cb107079b07fdddb4cd7fb2d8c8a1986f9cb8ce9246c24",
                "sha256:8dcbcc9e72a791f622a32d17ff5011326a18996647509cac0609a7fc43adc229",
                "sha256:944567bb08f52268d8600ee5bdf1798b2b62ea002cc692a39cec113244cbdd0d",
                "sha256:995e70bb8c91d1b99ed2aaf8ec44863e06ad1dfbb45d7df95f76ef583ec323a9",
                "sha256:99945ddb4f379bb9831c05e9f80f02f079ba361a0fb1fba1fc3b267639b6bb2e",
                "sha256:9a165a05979e212b2c2d56a9f40b69c811c98a788964e669eb322de0a3e420b4",
                "sha256:9bc8edc5f8ef0ebb46f3fa0d02bd825bbe9cc63d59e428ffb6981ff9672f6de1",
                "sha256:a1aec4ae549fd7b3f52ceaf67e133010e2fba1538bf4d5fc5cd162a5e058d5df",
                "sha256:a1c4d17879dd4c4432c08a1ca1ab379f12ab54af569e945b6fc1c4cf6a74ca45",
                "sha256:a2b39ee3b280e15824298b97cec3f7cbbe6539d8282cc8a6047a455b9a72c598",
                "sha256:a2effeaf50a6838f3dd4d3c5d265f06eabc748f476e8441892645ae3a697e273",
                "sha256:a59d0377e58d96a6f11636e97992f5b51b7e1e89eb66332d1c01b35adbabfe8a",
                "sha256:a926339356fe29595f8e37af71db37cd87ff764e15da8ad5129bbaff35bcc5a6",
                "sha256:a9eb9558e1d0f78e07082d8a70d5c4d631c8dd75575fae92105df9e19c736730",
                "sha256:ab07934725e6f25c6f87465976cc69aef1141e86987af49d8c839c3ffd367c72",
                "sha256:ad75173349ad79f9d21e0d0896b27dcb37bfd233b09047bc0b4d226699cf5c87",
                "sha256:b7b701dbc124558fd2b1b08005eeca6c9160e209108fbcbd00091fcfac641ac7",
                "sha256:b7bee775ff05c9d519195bd9e8aaaccfe3971db60f89f89751ee0f234e8aeac5",
                "sha256:b86548b8234b2be3985dbc0b385e35f5038f0f3e6251464b827b83ebf4ed90e5",
                "sha256:b9d68eb704b24bc4d441b24e4a12653acd07d2c39940548761e0985a08bc1fff",
                "sha256:c0b7cb9598795b01f9a3dd3f770ab540889259def28a3bf9b2fa24d52edecba3",
                "sha256:cab548d6d972e1de584161487b2ac1aa82edd8430d1bde69587ba61698ad1cfb",
                "sha256:ce331b076b2b013e7d7f07157f957974ef0b0881a808e8a4a4b3b5105aee5d04",
                "sha256:cfa4c956ff0a977c4823cb3b930b0a4e82543b060733628fec7ab3eb9b1abe37",
                "sha256:d23ac6b4bf9e32fcde5fcdb2e1fd5e7370d6693fcac51ee1d340f0e886f50d1f",
                "sha256:d2885ec6eea629c648ecc9bde0837ec6b92208b7f36381689937fe5d64a517e8",
                "sha256:d2a1371dc73e921f3c2e087c05359050f3525a9a34b476ebc8130e71bec55e97",
                "sha256:d3102ab9bf16bf541ca228012d45d88d2a567c9682a805ae2c145a79d3141fdd",
                "sha256:d5b003d248e6f292475cd24b04e5f72c48412231961a675edcb653c70730e79e",
                "sha256:d5edd3eb877c9fc2e385173d4a4e1d792bf692d79e25c1ca391802d36ecfaa01",
                "sha256:d7430f041755801b712ec804aaf3b094b9b5facbaa93a6339812a8e00d7bd53a",
                "sha256:d837ccf3bd2474feabee96cd71144e991472e400ed26582edc8ca88ce259899c",
                "sha256:dab81cc4d58026861445230cfba27f9825e9223557926e7ec22156a1a140d55c",
                "sha256:db45016364eec9ddbb5af93c8740c5c92eb7f5fc8848d1ae04205a40a1a2efc6",
                "sha256:df8fe00b60e4717662c7f80c810ba66dcc77309183c76b7754c0dff6f1d42054",
                "sha256:e6e6e61e9a38b6cc60ca3e19caabc90261f070f23352e66307b3d21a24a34aaf",
                "sha256:ee7045623a5ace70f3765e452528b4c1f2ce669ed31959c63f54de64fe2f6ff7",
                "sha256:f06cc1190f3db3192ab8949e28f2c627e1809487e2cfc435b6524c1ce6a2f391",
                "sha256:f07373b6e56a6f3a0df3d75b651a278ca7bd357a796078a26a958ea1ce0588fd",
                "sha256:f6e0321921d2fdc082ef90c1fd0870f129c2e691bfdc4937dcb5cd308aba95c4",
                "sha256:f6e167d1ccd41d27b7b6655bb7a2dcb1b1eb1e0d2d662043470bd3b4315d8b2b",
                "sha256:fcbd1edff1473d90dc5cf4b52d355cf1f47b74eb7c85ba6e45f45d0116b8edbd",
                "sha256:fe428822b7a8c486bcd90b334e9ab541ce6cc0d6106993d59f201853e5e14121"
            ],
            "markers": "python_version >= '3.6'",
            "version": "==2022.9.13"
        },
        "toml": {
            "hashes": [
                "sha256:806143ae5bfb6a3c6e736a764057db0e6a0e05e338b5630894a5f779cabb4f9b",
                "sha256:b3bda1d108d5dd99f4a20d24d9c348e91c4db7ab1b749200bded2f839ccbe68f"
            ],
            "markers": "python_version >= '2.6' and python_version not in '3.0, 3.1, 3.2, 3.3'",
            "version": "==0.10.2"
        },
        "xlsxwriter": {
            "hashes": [
                "sha256:15b65f02f7ecdcfb1f22794b1fcfed8e9a49e8b7414646f90347be5cbf464234",
                "sha256:791567acccc485ba76e0b84bccced2651981171de5b47d541520416f2f9f93e3"
            ],
            "index": "pypi",
            "version": "==1.4.4"
        }
    }
}
